// !$*UTF8*$!
{
	archiveVersion = 1;
	classes = {
	};
	objectVersion = 48;
	objects = {

/* Begin PBXBuildFile section */
		859B0D7E20015654007BBEEA /* FloatingPointAnnex.framework in Frameworks */ = {isa = PBXBuildFile; fileRef = 859B0D7420015654007BBEEA /* FloatingPointAnnex.framework */; };
		859B0D8320015654007BBEEA /* FloatingPointAnnexTests.swift in Sources */ = {isa = PBXBuildFile; fileRef = 859B0D8220015654007BBEEA /* FloatingPointAnnexTests.swift */; };
		859B0D8520015654007BBEEA /* FloatingPointAnnex.h in Headers */ = {isa = PBXBuildFile; fileRef = 859B0D7720015654007BBEEA /* FloatingPointAnnex.h */; settings = {ATTRIBUTES = (Public, ); }; };
		859B0D8F20015684007BBEEA /* BinaryInteger.swift in Sources */ = {isa = PBXBuildFile; fileRef = 859B0D8E20015684007BBEEA /* BinaryInteger.swift */; };
		859B0D9120015785007BBEEA /* BinaryFloatingPoint.swift in Sources */ = {isa = PBXBuildFile; fileRef = 859B0D9020015785007BBEEA /* BinaryFloatingPoint.swift */; };
/* End PBXBuildFile section */

/* Begin PBXContainerItemProxy section */
		859B0D7F20015654007BBEEA /* PBXContainerItemProxy */ = {
			isa = PBXContainerItemProxy;
			containerPortal = 859B0D6B20015654007BBEEA /* Project object */;
			proxyType = 1;
			remoteGlobalIDString = 859B0D7320015654007BBEEA;
			remoteInfo = FloatingPointAnnex;
		};
/* End PBXContainerItemProxy section */

/* Begin PBXFileReference section */
		859B0D7420015654007BBEEA /* FloatingPointAnnex.framework */ = {isa = PBXFileReference; explicitFileType = wrapper.framework; includeInIndex = 0; path = FloatingPointAnnex.framework; sourceTree = BUILT_PRODUCTS_DIR; };
		859B0D7720015654007BBEEA /* FloatingPointAnnex.h */ = {isa = PBXFileReference; lastKnownFileType = sourcecode.c.h; path = FloatingPointAnnex.h; sourceTree = "<group>"; };
		859B0D7820015654007BBEEA /* Info.plist */ = {isa = PBXFileReference; lastKnownFileType = text.plist.xml; path = Info.plist; sourceTree = "<group>"; };
		859B0D7D20015654007BBEEA /* FloatingPointAnnexTests.xctest */ = {isa = PBXFileReference; explicitFileType = wrapper.cfbundle; includeInIndex = 0; path = FloatingPointAnnexTests.xctest; sourceTree = BUILT_PRODUCTS_DIR; };
		859B0D8220015654007BBEEA /* FloatingPointAnnexTests.swift */ = {isa = PBXFileReference; lastKnownFileType = sourcecode.swift; path = FloatingPointAnnexTests.swift; sourceTree = "<group>"; };
		859B0D8420015654007BBEEA /* Info.plist */ = {isa = PBXFileReference; lastKnownFileType = text.plist.xml; path = Info.plist; sourceTree = "<group>"; };
		859B0D8E20015684007BBEEA /* BinaryInteger.swift */ = {isa = PBXFileReference; lastKnownFileType = sourcecode.swift; path = BinaryInteger.swift; sourceTree = "<group>"; };
		859B0D9020015785007BBEEA /* BinaryFloatingPoint.swift */ = {isa = PBXFileReference; lastKnownFileType = sourcecode.swift; path = BinaryFloatingPoint.swift; sourceTree = "<group>"; };
/* End PBXFileReference section */

/* Begin PBXFrameworksBuildPhase section */
		859B0D7020015654007BBEEA /* Frameworks */ = {
			isa = PBXFrameworksBuildPhase;
			buildActionMask = 2147483647;
			files = (
			);
			runOnlyForDeploymentPostprocessing = 0;
		};
		859B0D7A20015654007BBEEA /* Frameworks */ = {
			isa = PBXFrameworksBuildPhase;
			buildActionMask = 2147483647;
			files = (
				859B0D7E20015654007BBEEA /* FloatingPointAnnex.framework in Frameworks */,
			);
			runOnlyForDeploymentPostprocessing = 0;
		};
/* End PBXFrameworksBuildPhase section */

/* Begin PBXGroup section */
		859B0D6A20015654007BBEEA = {
			isa = PBXGroup;
			children = (
				859B0D7620015654007BBEEA /* FloatingPointAnnex */,
				859B0D8120015654007BBEEA /* FloatingPointAnnexTests */,
				859B0D7520015654007BBEEA /* Products */,
			);
			sourceTree = "<group>";
		};
		859B0D7520015654007BBEEA /* Products */ = {
			isa = PBXGroup;
			children = (
				859B0D7420015654007BBEEA /* FloatingPointAnnex.framework */,
				859B0D7D20015654007BBEEA /* FloatingPointAnnexTests.xctest */,
			);
			name = Products;
			sourceTree = "<group>";
		};
		859B0D7620015654007BBEEA /* FloatingPointAnnex */ = {
			isa = PBXGroup;
			children = (
				859B0D7720015654007BBEEA /* FloatingPointAnnex.h */,
				859B0D8E20015684007BBEEA /* BinaryInteger.swift */,
				859B0D9020015785007BBEEA /* BinaryFloatingPoint.swift */,
				859B0D7820015654007BBEEA /* Info.plist */,
			);
			path = FloatingPointAnnex;
			sourceTree = "<group>";
		};
		859B0D8120015654007BBEEA /* FloatingPointAnnexTests */ = {
			isa = PBXGroup;
			children = (
				859B0D8220015654007BBEEA /* FloatingPointAnnexTests.swift */,
				859B0D8420015654007BBEEA /* Info.plist */,
			);
			path = FloatingPointAnnexTests;
			sourceTree = "<group>";
		};
/* End PBXGroup section */

/* Begin PBXHeadersBuildPhase section */
		859B0D7120015654007BBEEA /* Headers */ = {
			isa = PBXHeadersBuildPhase;
			buildActionMask = 2147483647;
			files = (
				859B0D8520015654007BBEEA /* FloatingPointAnnex.h in Headers */,
			);
			runOnlyForDeploymentPostprocessing = 0;
		};
/* End PBXHeadersBuildPhase section */

/* Begin PBXNativeTarget section */
		859B0D7320015654007BBEEA /* FloatingPointAnnex */ = {
			isa = PBXNativeTarget;
			buildConfigurationList = 859B0D8820015654007BBEEA /* Build configuration list for PBXNativeTarget "FloatingPointAnnex" */;
			buildPhases = (
				859B0D6F20015654007BBEEA /* Sources */,
				859B0D7020015654007BBEEA /* Frameworks */,
				859B0D7120015654007BBEEA /* Headers */,
				859B0D7220015654007BBEEA /* Resources */,
			);
			buildRules = (
			);
			dependencies = (
			);
			name = FloatingPointAnnex;
			productName = FloatingPointAnnex;
			productReference = 859B0D7420015654007BBEEA /* FloatingPointAnnex.framework */;
			productType = "com.apple.product-type.framework";
		};
		859B0D7C20015654007BBEEA /* FloatingPointAnnexTests */ = {
			isa = PBXNativeTarget;
			buildConfigurationList = 859B0D8B20015654007BBEEA /* Build configuration list for PBXNativeTarget "FloatingPointAnnexTests" */;
			buildPhases = (
				859B0D7920015654007BBEEA /* Sources */,
				859B0D7A20015654007BBEEA /* Frameworks */,
				859B0D7B20015654007BBEEA /* Resources */,
			);
			buildRules = (
			);
			dependencies = (
				859B0D8020015654007BBEEA /* PBXTargetDependency */,
			);
			name = FloatingPointAnnexTests;
			productName = FloatingPointAnnexTests;
			productReference = 859B0D7D20015654007BBEEA /* FloatingPointAnnexTests.xctest */;
			productType = "com.apple.product-type.bundle.unit-test";
		};
/* End PBXNativeTarget section */

/* Begin PBXProject section */
		859B0D6B20015654007BBEEA /* Project object */ = {
			isa = PBXProject;
			attributes = {
				LastSwiftUpdateCheck = 0920;
				LastUpgradeCheck = 0920;
				ORGANIZATIONNAME = "Xiaodi Wu";
				TargetAttributes = {
					859B0D7320015654007BBEEA = {
						CreatedOnToolsVersion = 9.2;
						LastSwiftMigration = 0920;
						ProvisioningStyle = Automatic;
					};
					859B0D7C20015654007BBEEA = {
						CreatedOnToolsVersion = 9.2;
						ProvisioningStyle = Automatic;
					};
				};
			};
			buildConfigurationList = 859B0D6E20015654007BBEEA /* Build configuration list for PBXProject "FloatingPointAnnex" */;
			compatibilityVersion = "Xcode 8.0";
			developmentRegion = en;
			hasScannedForEncodings = 0;
			knownRegions = (
				en,
			);
			mainGroup = 859B0D6A20015654007BBEEA;
			productRefGroup = 859B0D7520015654007BBEEA /* Products */;
			projectDirPath = "";
			projectRoot = "";
			targets = (
				859B0D7320015654007BBEEA /* FloatingPointAnnex */,
				859B0D7C20015654007BBEEA /* FloatingPointAnnexTests */,
			);
		};
/* End PBXProject section */

/* Begin PBXResourcesBuildPhase section */
		859B0D7220015654007BBEEA /* Resources */ = {
			isa = PBXResourcesBuildPhase;
			buildActionMask = 2147483647;
			files = (
			);
			runOnlyForDeploymentPostprocessing = 0;
		};
		859B0D7B20015654007BBEEA /* Resources */ = {
			isa = PBXResourcesBuildPhase;
			buildActionMask = 2147483647;
			files = (
			);
			runOnlyForDeploymentPostprocessing = 0;
		};
/* End PBXResourcesBuildPhase section */

/* Begin PBXSourcesBuildPhase section */
		859B0D6F20015654007BBEEA /* Sources */ = {
			isa = PBXSourcesBuildPhase;
			buildActionMask = 2147483647;
			files = (
				859B0D9120015785007BBEEA /* BinaryFloatingPoint.swift in Sources */,
				859B0D8F20015684007BBEEA /* BinaryInteger.swift in Sources */,
			);
			runOnlyForDeploymentPostprocessing = 0;
		};
		859B0D7920015654007BBEEA /* Sources */ = {
			isa = PBXSourcesBuildPhase;
			buildActionMask = 2147483647;
			files = (
				859B0D8320015654007BBEEA /* FloatingPointAnnexTests.swift in Sources */,
			);
			runOnlyForDeploymentPostprocessing = 0;
		};
/* End PBXSourcesBuildPhase section */

/* Begin PBXTargetDependency section */
		859B0D8020015654007BBEEA /* PBXTargetDependency */ = {
			isa = PBXTargetDependency;
			target = 859B0D7320015654007BBEEA /* FloatingPointAnnex */;
			targetProxy = 859B0D7F20015654007BBEEA /* PBXContainerItemProxy */;
		};
/* End PBXTargetDependency section */

/* Begin XCBuildConfiguration section */
		859B0D8620015654007BBEEA /* Debug */ = {
			isa = XCBuildConfiguration;
			buildSettings = {
				ALWAYS_SEARCH_USER_PATHS = NO;
				CLANG_ANALYZER_NONNULL = YES;
				CLANG_ANALYZER_NUMBER_OBJECT_CONVERSION = YES_AGGRESSIVE;
				CLANG_CXX_LANGUAGE_STANDARD = "gnu++14";
				CLANG_CXX_LIBRARY = "libc++";
				CLANG_ENABLE_MODULES = YES;
				CLANG_ENABLE_OBJC_ARC = YES;
				CLANG_WARN_BLOCK_CAPTURE_AUTORELEASING = YES;
				CLANG_WARN_BOOL_CONVERSION = YES;
				CLANG_WARN_COMMA = YES;
				CLANG_WARN_CONSTANT_CONVERSION = YES;
				CLANG_WARN_DIRECT_OBJC_ISA_USAGE = YES_ERROR;
				CLANG_WARN_DOCUMENTATION_COMMENTS = YES;
				CLANG_WARN_EMPTY_BODY = YES;
				CLANG_WARN_ENUM_CONVERSION = YES;
				CLANG_WARN_INFINITE_RECURSION = YES;
				CLANG_WARN_INT_CONVERSION = YES;
				CLANG_WARN_NON_LITERAL_NULL_CONVERSION = YES;
				CLANG_WARN_OBJC_LITERAL_CONVERSION = YES;
				CLANG_WARN_OBJC_ROOT_CLASS = YES_ERROR;
				CLANG_WARN_RANGE_LOOP_ANALYSIS = YES;
				CLANG_WARN_STRICT_PROTOTYPES = YES;
				CLANG_WARN_SUSPICIOUS_MOVE = YES;
				CLANG_WARN_UNGUARDED_AVAILABILITY = YES_AGGRESSIVE;
				CLANG_WARN_UNREACHABLE_CODE = YES;
				CLANG_WARN__DUPLICATE_METHOD_MATCH = YES;
				CODE_SIGN_IDENTITY = "Mac Developer";
				COPY_PHASE_STRIP = NO;
				CURRENT_PROJECT_VERSION = 1;
				DEBUG_INFORMATION_FORMAT = dwarf;
				ENABLE_STRICT_OBJC_MSGSEND = YES;
				ENABLE_TESTABILITY = YES;
				GCC_C_LANGUAGE_STANDARD = gnu11;
				GCC_DYNAMIC_NO_PIC = NO;
				GCC_NO_COMMON_BLOCKS = YES;
				GCC_OPTIMIZATION_LEVEL = 0;
				GCC_PREPROCESSOR_DEFINITIONS = (
					"DEBUG=1",
					"$(inherited)",
				);
				GCC_WARN_64_TO_32_BIT_CONVERSION = YES;
				GCC_WARN_ABOUT_RETURN_TYPE = YES_ERROR;
				GCC_WARN_UNDECLARED_SELECTOR = YES;
				GCC_WARN_UNINITIALIZED_AUTOS = YES_AGGRESSIVE;
				GCC_WARN_UNUSED_FUNCTION = YES;
				GCC_WARN_UNUSED_VARIABLE = YES;
				MACOSX_DEPLOYMENT_TARGET = 10.13;
				MTL_ENABLE_DEBUG_INFO = YES;
				ONLY_ACTIVE_ARCH = YES;
				SDKROOT = macosx;
				SWIFT_ACTIVE_COMPILATION_CONDITIONS = DEBUG;
				SWIFT_OPTIMIZATION_LEVEL = "-Onone";
				VERSIONING_SYSTEM = "apple-generic";
				VERSION_INFO_PREFIX = "";
			};
			name = Debug;
		};
		859B0D8720015654007BBEEA /* Release */ = {
			isa = XCBuildConfiguration;
			buildSettings = {
				ALWAYS_SEARCH_USER_PATHS = NO;
				CLANG_ANALYZER_NONNULL = YES;
				CLANG_ANALYZER_NUMBER_OBJECT_CONVERSION = YES_AGGRESSIVE;
				CLANG_CXX_LANGUAGE_STANDARD = "gnu++14";
				CLANG_CXX_LIBRARY = "libc++";
				CLANG_ENABLE_MODULES = YES;
				CLANG_ENABLE_OBJC_ARC = YES;
				CLANG_WARN_BLOCK_CAPTURE_AUTORELEASING = YES;
				CLANG_WARN_BOOL_CONVERSION = YES;
				CLANG_WARN_COMMA = YES;
				CLANG_WARN_CONSTANT_CONVERSION = YES;
				CLANG_WARN_DIRECT_OBJC_ISA_USAGE = YES_ERROR;
				CLANG_WARN_DOCUMENTATION_COMMENTS = YES;
				CLANG_WARN_EMPTY_BODY = YES;
				CLANG_WARN_ENUM_CONVERSION = YES;
				CLANG_WARN_INFINITE_RECURSION = YES;
				CLANG_WARN_INT_CONVERSION = YES;
				CLANG_WARN_NON_LITERAL_NULL_CONVERSION = YES;
				CLANG_WARN_OBJC_LITERAL_CONVERSION = YES;
				CLANG_WARN_OBJC_ROOT_CLASS = YES_ERROR;
				CLANG_WARN_RANGE_LOOP_ANALYSIS = YES;
				CLANG_WARN_STRICT_PROTOTYPES = YES;
				CLANG_WARN_SUSPICIOUS_MOVE = YES;
				CLANG_WARN_UNGUARDED_AVAILABILITY = YES_AGGRESSIVE;
				CLANG_WARN_UNREACHABLE_CODE = YES;
				CLANG_WARN__DUPLICATE_METHOD_MATCH = YES;
				CODE_SIGN_IDENTITY = "Mac Developer";
				COPY_PHASE_STRIP = NO;
				CURRENT_PROJECT_VERSION = 1;
				DEBUG_INFORMATION_FORMAT = "dwarf-with-dsym";
				ENABLE_NS_ASSERTIONS = NO;
				ENABLE_STRICT_OBJC_MSGSEND = YES;
				GCC_C_LANGUAGE_STANDARD = gnu11;
				GCC_NO_COMMON_BLOCKS = YES;
				GCC_WARN_64_TO_32_BIT_CONVERSION = YES;
				GCC_WARN_ABOUT_RETURN_TYPE = YES_ERROR;
				GCC_WARN_UNDECLARED_SELECTOR = YES;
				GCC_WARN_UNINITIALIZED_AUTOS = YES_AGGRESSIVE;
				GCC_WARN_UNUSED_FUNCTION = YES;
				GCC_WARN_UNUSED_VARIABLE = YES;
				MACOSX_DEPLOYMENT_TARGET = 10.13;
				MTL_ENABLE_DEBUG_INFO = NO;
				SDKROOT = macosx;
				SWIFT_OPTIMIZATION_LEVEL = "-Owholemodule";
				VERSIONING_SYSTEM = "apple-generic";
				VERSION_INFO_PREFIX = "";
			};
			name = Release;
		};
		859B0D8920015654007BBEEA /* Debug */ = {
			isa = XCBuildConfiguration;
			buildSettings = {
				CLANG_ENABLE_MODULES = YES;
				CODE_SIGN_IDENTITY = "";
				CODE_SIGN_STYLE = Automatic;
				COMBINE_HIDPI_IMAGES = YES;
				DEFINES_MODULE = YES;
				DEVELOPMENT_TEAM = FRC6CVKX9G;
				DYLIB_COMPATIBILITY_VERSION = 1;
				DYLIB_CURRENT_VERSION = 1;
				DYLIB_INSTALL_NAME_BASE = "@rpath";
				FRAMEWORK_VERSION = A;
				INFOPLIST_FILE = FloatingPointAnnex/Info.plist;
				INSTALL_PATH = "$(LOCAL_LIBRARY_DIR)/Frameworks";
				LD_RUNPATH_SEARCH_PATHS = "$(inherited) @executable_path/../Frameworks @loader_path/Frameworks";
				PRODUCT_BUNDLE_IDENTIFIER = ca.diploid.FloatingPointAnnex;
				PRODUCT_NAME = "$(TARGET_NAME:c99extidentifier)";
				SKIP_INSTALL = YES;
				SWIFT_OPTIMIZATION_LEVEL = "-Onone";
				SWIFT_VERSION = 4.0;
			};
			name = Debug;
		};
		859B0D8A20015654007BBEEA /* Release */ = {
			isa = XCBuildConfiguration;
			buildSettings = {
				CLANG_ENABLE_MODULES = YES;
				CODE_SIGN_IDENTITY = "";
				CODE_SIGN_STYLE = Automatic;
				COMBINE_HIDPI_IMAGES = YES;
				DEFINES_MODULE = YES;
				DEVELOPMENT_TEAM = FRC6CVKX9G;
				DYLIB_COMPATIBILITY_VERSION = 1;
				DYLIB_CURRENT_VERSION = 1;
				DYLIB_INSTALL_NAME_BASE = "@rpath";
				FRAMEWORK_VERSION = A;
				INFOPLIST_FILE = FloatingPointAnnex/Info.plist;
				INSTALL_PATH = "$(LOCAL_LIBRARY_DIR)/Frameworks";
				LD_RUNPATH_SEARCH_PATHS = "$(inherited) @executable_path/../Frameworks @loader_path/Frameworks";
				PRODUCT_BUNDLE_IDENTIFIER = ca.diploid.FloatingPointAnnex;
				PRODUCT_NAME = "$(TARGET_NAME:c99extidentifier)";
				SKIP_INSTALL = YES;
				SWIFT_VERSION = 4.0;
			};
			name = Release;
		};
		859B0D8C20015654007BBEEA /* Debug */ = {
			isa = XCBuildConfiguration;
			buildSettings = {
				ALWAYS_EMBED_SWIFT_STANDARD_LIBRARIES = YES;
				CODE_SIGN_STYLE = Automatic;
				COMBINE_HIDPI_IMAGES = YES;
				DEVELOPMENT_TEAM = FRC6CVKX9G;
				INFOPLIST_FILE = FloatingPointAnnexTests/Info.plist;
				LD_RUNPATH_SEARCH_PATHS = "$(inherited) @executable_path/../Frameworks @loader_path/../Frameworks";
				PRODUCT_BUNDLE_IDENTIFIER = ca.diploid.FloatingPointAnnexTests;
				PRODUCT_NAME = "$(TARGET_NAME)";
				SWIFT_VERSION = 4.0;
			};
			name = Debug;
		};
		859B0D8D20015654007BBEEA /* Release */ = {
			isa = XCBuildConfiguration;
			buildSettings = {
				ALWAYS_EMBED_SWIFT_STANDARD_LIBRARIES = YES;
				CODE_SIGN_STYLE = Automatic;
				COMBINE_HIDPI_IMAGES = YES;
				DEVELOPMENT_TEAM = FRC6CVKX9G;
				INFOPLIST_FILE = FloatingPointAnnexTests/Info.plist;
				LD_RUNPATH_SEARCH_PATHS = "$(inherited) @executable_path/../Frameworks @loader_path/../Frameworks";
				PRODUCT_BUNDLE_IDENTIFIER = ca.diploid.FloatingPointAnnexTests;
				PRODUCT_NAME = "$(TARGET_NAME)";
				SWIFT_VERSION = 4.0;
			};
			name = Release;
		};
/* End XCBuildConfiguration section */

/* Begin XCConfigurationList section */
		859B0D6E20015654007BBEEA /* Build configuration list for PBXProject "FloatingPointAnnex" */ = {
			isa = XCConfigurationList;
			buildConfigurations = (
				859B0D8620015654007BBEEA /* Debug */,
				859B0D8720015654007BBEEA /* Release */,
			);
			defaultConfigurationIsVisible = 0;
			defaultConfigurationName = Release;
		};
		859B0D8820015654007BBEEA /* Build configuration list for PBXNativeTarget "FloatingPointAnnex" */ = {
			isa = XCConfigurationList;
			buildConfigurations = (
				859B0D8920015654007BBEEA /* Debug */,
				859B0D8A20015654007BBEEA /* Release */,
			);
			defaultConfigurationIsVisible = 0;
			defaultConfigurationName = Release;
		};
		859B0D8B20015654007BBEEA /* Build configuration list for PBXNativeTarget "FloatingPointAnnexTests" */ = {
			isa = XCConfigurationList;
			buildConfigurations = (
				859B0D8C20015654007BBEEA /* Debug */,
				859B0D8D20015654007BBEEA /* Release */,
			);
			defaultConfigurationIsVisible = 0;
			defaultConfigurationName = Release;
		};
/* End XCConfigurationList section */
	};
	rootObject = 859B0D6B20015654007BBEEA /* Project object */;
}
